
Microsoft Visual Studio Solution File, Format Version 12.00
# Visual Studio Version 16
VisualStudioVersion = 25.0.1703.5
MinimumVisualStudioVersion = 10.0.40219.1
Project("{FAE04EC0-301F-11D3-BF4B-00C04F79EFBC}") = "CustomerManagement.WebApi", "CustomerManagement.WebApi\CustomerManagement.WebApi.csproj", "{58F271BF-8F83-4CEA-9B3C-BF75B89D0BFC}"
EndProject
Project("{FAE04EC0-301F-11D3-BF4B-00C04F79EFBC}") = "CustomerManagement.UnitTests", "CustomerManagement.UnitTests\CustomerManagement.UnitTests.csproj", "{071E508B-9504-47F8-A113-F54ED3F0EA65}"
EndProject
Project("{FAE04EC0-301F-11D3-BF4B-00C04F79EFBC}") = "CustomerManagement.IntegrationTests", "CustomerManagement.IntegrationTests\CustomerManagement.IntegrationTests.csproj", "{9AFACD48-2A5D-45C3-8C6C-9F5668B51AA0}"
EndProject
Project("{FAE04EC0-301F-11D3-BF4B-00C04F79EFBC}") = "CustomerManagement.Data", "CustomerManagement.Data\CustomerManagement.Data.csproj", "{CED5FE01-9F08-479E-A587-560022FEBB74}"
EndProject
Project("{2150E333-8FDC-42A3-9474-1A3956D46DE8}") = "Solution Items", "Solution Items", "{E807569B-4FA8-457E-981B-9ACDC78CAF5E}"
	ProjectSection(SolutionItems) = preProject
		.editorconfig = .editorconfig
		Dockerfile = Dockerfile
	EndProjectSection
EndProject
Global
	GlobalSection(SolutionConfigurationPlatforms) = preSolution
		Debug|Any CPU = Debug|Any CPU
		Release|Any CPU = Release|Any CPU
	EndGlobalSection
	GlobalSection(ProjectConfigurationPlatforms) = postSolution
		{58F271BF-8F83-4CEA-9B3C-BF75B89D0BFC}.Debug|Any CPU.ActiveCfg = Debug|Any CPU
		{58F271BF-8F83-4CEA-9B3C-BF75B89D0BFC}.Debug|Any CPU.Build.0 = Debug|Any CPU
		{58F271BF-8F83-4CEA-9B3C-BF75B89D0BFC}.Release|Any CPU.ActiveCfg = Release|Any CPU
		{58F271BF-8F83-4CEA-9B3C-BF75B89D0BFC}.Release|Any CPU.Build.0 = Release|Any CPU
		{071E508B-9504-47F8-A113-F54ED3F0EA65}.Debug|Any CPU.ActiveCfg = Debug|Any CPU
		{071E508B-9504-47F8-A113-F54ED3F0EA65}.Debug|Any CPU.Build.0 = Debug|Any CPU
		{071E508B-9504-47F8-A113-F54ED3F0EA65}.Release|Any CPU.ActiveCfg = Release|Any CPU
		{071E508B-9504-47F8-A113-F54ED3F0EA65}.Release|Any CPU.Build.0 = Release|Any CPU
		{9AFACD48-2A5D-45C3-8C6C-9F5668B51AA0}.Debug|Any CPU.ActiveCfg = Debug|Any CPU
		{9AFACD48-2A5D-45C3-8C6C-9F5668B51AA0}.Debug|Any CPU.Build.0 = Debug|Any CPU
		{9AFACD48-2A5D-45C3-8C6C-9F5668B51AA0}.Release|Any CPU.ActiveCfg = Release|Any CPU
		{9AFACD48-2A5D-45C3-8C6C-9F5668B51AA0}.Release|Any CPU.Build.0 = Release|Any CPU
		{CED5FE01-9F08-479E-A587-560022FEBB74}.Debug|Any CPU.ActiveCfg = Debug|Any CPU
		{CED5FE01-9F08-479E-A587-560022FEBB74}.Debug|Any CPU.Build.0 = Debug|Any CPU
		{CED5FE01-9F08-479E-A587-560022FEBB74}.Release|Any CPU.ActiveCfg = Release|Any CPU
		{CED5FE01-9F08-479E-A587-560022FEBB74}.Release|Any CPU.Build.0 = Release|Any CPU
	EndGlobalSection
	GlobalSection(SolutionProperties) = preSolution
		HideSolutionNode = FALSE
	EndGlobalSection
	GlobalSection(ExtensibilityGlobals) = postSolution
		SolutionGuid = {A1C033D3-2656-4B11-92C5-774F8ECCE331}
	EndGlobalSection
EndGlobal
